<?xml version="1.0" encoding="utf-8"?>
<Project ToolsVersion="17.0" xmlns="http://schemas.microsoft.com/developer/msbuild/2003">
  <ItemGroup>
    <ClCompile Include="C:\A_ReserveLand\HHCast\RPiPlay\lib\playfair\hand_garble.c">
      <Filter>Source Files</Filter>
    </ClCompile>
    <ClCompile Include="C:\A_ReserveLand\HHCast\RPiPlay\lib\playfair\modified_md5.c">
      <Filter>Source Files</Filter>
    </ClCompile>
    <ClCompile Include="C:\A_ReserveLand\HHCast\RPiPlay\lib\playfair\omg_hax.c">
      <Filter>Source Files</Filter>
    </ClCompile>
    <ClCompile Include="C:\A_ReserveLand\HHCast\RPiPlay\lib\playfair\playfair.c">
      <Filter>Source Files</Filter>
    </ClCompile>
    <ClCompile Include="C:\A_ReserveLand\HHCast\RPiPlay\lib\playfair\sap_hash.c">
      <Filter>Source Files</Filter>
    </ClCompile>
  </ItemGroup>
  <ItemGroup>
    <ClInclude Include="C:\A_ReserveLand\HHCast\RPiPlay\lib\playfair\omg_hax.h">
      <Filter>Header Files</Filter>
    </ClInclude>
    <ClInclude Include="C:\A_ReserveLand\HHCast\RPiPlay\lib\playfair\playfair.h">
      <Filter>Header Files</Filter>
    </ClInclude>
  </ItemGroup>
  <ItemGroup>
    <CustomBuild Include="C:\A_ReserveLand\HHCast\RPiPlay\lib\playfair\CMakeLists.txt" />
  </ItemGroup>
  <ItemGroup>
    <Filter Include="Header Files">
      <UniqueIdentifier>{26BB27BE-CB44-3ACD-B25A-9398B7C6DE8F}</UniqueIdentifier>
    </Filter>
    <Filter Include="Source Files">
      <UniqueIdentifier>{57FA94AC-4742-36C2-AAAA-814EB19DF67A}</UniqueIdentifier>
    </Filter>
  </ItemGroup>
</Project>
