
Microsoft Visual Studio Solution File, Format Version 12.00
# Visual Studio Version 17
VisualStudioVersion = 17.8.34408.163
MinimumVisualStudioVersion = 10.0.40219.1
Project("{8BC9CEB8-8B4A-11D0-8D11-00A0C91BC942}") = "airplay", "lib\airplay.vcxproj", "{AA3B0B30-27CE-36F1-AFC2-BC9C667AC86D}"
	ProjectSection(ProjectDependencies) = postProject
		{CBB70098-0871-3EB6-9FB9-1C25A9A9321F} = {CBB70098-0871-3EB6-9FB9-1C25A9A9321F}
		{1C050E44-1FB6-3090-997F-BB373D1E7651} = {1C050E44-1FB6-3090-997F-BB373D1E7651}
	EndProjectSection
EndProject
Project("{8BC9CEB8-8B4A-11D0-8D11-00A0C91BC942}") = "libairplay", "libairplay.vcxproj", "{14378E54-99EF-3552-BE43-E535F9265EAA}"
	ProjectSection(ProjectDependencies) = postProject
		{AA3B0B30-27CE-36F1-AFC2-BC9C667AC86D} = {AA3B0B30-27CE-36F1-AFC2-BC9C667AC86D}
		{CBB70098-0871-3EB6-9FB9-1C25A9A9321F} = {CBB70098-0871-3EB6-9FB9-1C25A9A9321F}
		{1C050E44-1FB6-3090-997F-BB373D1E7651} = {1C050E44-1FB6-3090-997F-BB373D1E7651}
		{B0B9EF50-8077-32EA-90CB-347466DE8855} = {B0B9EF50-8077-32EA-90CB-347466DE8855}
	EndProjectSection
EndProject
Project("{8BC9CEB8-8B4A-11D0-8D11-00A0C91BC942}") = "llhttp", "lib\llhttp\llhttp.vcxproj", "{CBB70098-0871-3EB6-9FB9-1C25A9A9321F}"
EndProject
Project("{8BC9CEB8-8B4A-11D0-8D11-00A0C91BC942}") = "playfair", "lib\playfair\playfair.vcxproj", "{1C050E44-1FB6-3090-997F-BB373D1E7651}"
EndProject
Project("{8BC9CEB8-8B4A-11D0-8D11-00A0C91BC942}") = "renderers", "renderers\renderers.vcxproj", "{B0B9EF50-8077-32EA-90CB-347466DE8855}"
EndProject
Project("{8BC9CEB8-8B4A-11D0-8D11-00A0C91BC942}") = "TestStudio", "..\TestStudio\TestStudio.vcxproj", "{70041128-FB5A-4607-84E7-66072767212B}"
EndProject
Global
	GlobalSection(SolutionConfigurationPlatforms) = preSolution
		Debug|Win32 = Debug|Win32
		Debug|x64 = Debug|x64
		MinSizeRel|Win32 = MinSizeRel|Win32
		MinSizeRel|x64 = MinSizeRel|x64
		Release|Win32 = Release|Win32
		Release|x64 = Release|x64
		RelWithDebInfo|Win32 = RelWithDebInfo|Win32
		RelWithDebInfo|x64 = RelWithDebInfo|x64
	EndGlobalSection
	GlobalSection(ProjectConfigurationPlatforms) = postSolution
		{AA3B0B30-27CE-36F1-AFC2-BC9C667AC86D}.Debug|Win32.ActiveCfg = Debug|Win32
		{AA3B0B30-27CE-36F1-AFC2-BC9C667AC86D}.Debug|Win32.Build.0 = Debug|Win32
		{AA3B0B30-27CE-36F1-AFC2-BC9C667AC86D}.Debug|x64.ActiveCfg = Debug|Win32
		{AA3B0B30-27CE-36F1-AFC2-BC9C667AC86D}.Debug|x64.Build.0 = Debug|Win32
		{AA3B0B30-27CE-36F1-AFC2-BC9C667AC86D}.MinSizeRel|Win32.ActiveCfg = MinSizeRel|Win32
		{AA3B0B30-27CE-36F1-AFC2-BC9C667AC86D}.MinSizeRel|Win32.Build.0 = MinSizeRel|Win32
		{AA3B0B30-27CE-36F1-AFC2-BC9C667AC86D}.MinSizeRel|x64.ActiveCfg = MinSizeRel|Win32
		{AA3B0B30-27CE-36F1-AFC2-BC9C667AC86D}.MinSizeRel|x64.Build.0 = MinSizeRel|Win32
		{AA3B0B30-27CE-36F1-AFC2-BC9C667AC86D}.Release|Win32.ActiveCfg = Release|Win32
		{AA3B0B30-27CE-36F1-AFC2-BC9C667AC86D}.Release|Win32.Build.0 = Release|Win32
		{AA3B0B30-27CE-36F1-AFC2-BC9C667AC86D}.Release|x64.ActiveCfg = Release|Win32
		{AA3B0B30-27CE-36F1-AFC2-BC9C667AC86D}.Release|x64.Build.0 = Release|Win32
		{AA3B0B30-27CE-36F1-AFC2-BC9C667AC86D}.RelWithDebInfo|Win32.ActiveCfg = RelWithDebInfo|Win32
		{AA3B0B30-27CE-36F1-AFC2-BC9C667AC86D}.RelWithDebInfo|Win32.Build.0 = RelWithDebInfo|Win32
		{AA3B0B30-27CE-36F1-AFC2-BC9C667AC86D}.RelWithDebInfo|x64.ActiveCfg = RelWithDebInfo|Win32
		{AA3B0B30-27CE-36F1-AFC2-BC9C667AC86D}.RelWithDebInfo|x64.Build.0 = RelWithDebInfo|Win32
		{14378E54-99EF-3552-BE43-E535F9265EAA}.Debug|Win32.ActiveCfg = Debug|Win32
		{14378E54-99EF-3552-BE43-E535F9265EAA}.Debug|Win32.Build.0 = Debug|Win32
		{14378E54-99EF-3552-BE43-E535F9265EAA}.Debug|x64.ActiveCfg = Debug|Win32
		{14378E54-99EF-3552-BE43-E535F9265EAA}.Debug|x64.Build.0 = Debug|Win32
		{14378E54-99EF-3552-BE43-E535F9265EAA}.MinSizeRel|Win32.ActiveCfg = MinSizeRel|Win32
		{14378E54-99EF-3552-BE43-E535F9265EAA}.MinSizeRel|Win32.Build.0 = MinSizeRel|Win32
		{14378E54-99EF-3552-BE43-E535F9265EAA}.MinSizeRel|x64.ActiveCfg = MinSizeRel|Win32
		{14378E54-99EF-3552-BE43-E535F9265EAA}.MinSizeRel|x64.Build.0 = MinSizeRel|Win32
		{14378E54-99EF-3552-BE43-E535F9265EAA}.Release|Win32.ActiveCfg = Release|Win32
		{14378E54-99EF-3552-BE43-E535F9265EAA}.Release|Win32.Build.0 = Release|Win32
		{14378E54-99EF-3552-BE43-E535F9265EAA}.Release|x64.ActiveCfg = Release|Win32
		{14378E54-99EF-3552-BE43-E535F9265EAA}.Release|x64.Build.0 = Release|Win32
		{14378E54-99EF-3552-BE43-E535F9265EAA}.RelWithDebInfo|Win32.ActiveCfg = RelWithDebInfo|Win32
		{14378E54-99EF-3552-BE43-E535F9265EAA}.RelWithDebInfo|Win32.Build.0 = RelWithDebInfo|Win32
		{14378E54-99EF-3552-BE43-E535F9265EAA}.RelWithDebInfo|x64.ActiveCfg = RelWithDebInfo|Win32
		{14378E54-99EF-3552-BE43-E535F9265EAA}.RelWithDebInfo|x64.Build.0 = RelWithDebInfo|Win32
		{CBB70098-0871-3EB6-9FB9-1C25A9A9321F}.Debug|Win32.ActiveCfg = Debug|Win32
		{CBB70098-0871-3EB6-9FB9-1C25A9A9321F}.Debug|Win32.Build.0 = Debug|Win32
		{CBB70098-0871-3EB6-9FB9-1C25A9A9321F}.Debug|x64.ActiveCfg = Debug|Win32
		{CBB70098-0871-3EB6-9FB9-1C25A9A9321F}.Debug|x64.Build.0 = Debug|Win32
		{CBB70098-0871-3EB6-9FB9-1C25A9A9321F}.MinSizeRel|Win32.ActiveCfg = MinSizeRel|Win32
		{CBB70098-0871-3EB6-9FB9-1C25A9A9321F}.MinSizeRel|Win32.Build.0 = MinSizeRel|Win32
		{CBB70098-0871-3EB6-9FB9-1C25A9A9321F}.MinSizeRel|x64.ActiveCfg = MinSizeRel|Win32
		{CBB70098-0871-3EB6-9FB9-1C25A9A9321F}.MinSizeRel|x64.Build.0 = MinSizeRel|Win32
		{CBB70098-0871-3EB6-9FB9-1C25A9A9321F}.Release|Win32.ActiveCfg = Release|Win32
		{CBB70098-0871-3EB6-9FB9-1C25A9A9321F}.Release|Win32.Build.0 = Release|Win32
		{CBB70098-0871-3EB6-9FB9-1C25A9A9321F}.Release|x64.ActiveCfg = Release|Win32
		{CBB70098-0871-3EB6-9FB9-1C25A9A9321F}.Release|x64.Build.0 = Release|Win32
		{CBB70098-0871-3EB6-9FB9-1C25A9A9321F}.RelWithDebInfo|Win32.ActiveCfg = RelWithDebInfo|Win32
		{CBB70098-0871-3EB6-9FB9-1C25A9A9321F}.RelWithDebInfo|Win32.Build.0 = RelWithDebInfo|Win32
		{CBB70098-0871-3EB6-9FB9-1C25A9A9321F}.RelWithDebInfo|x64.ActiveCfg = RelWithDebInfo|Win32
		{CBB70098-0871-3EB6-9FB9-1C25A9A9321F}.RelWithDebInfo|x64.Build.0 = RelWithDebInfo|Win32
		{1C050E44-1FB6-3090-997F-BB373D1E7651}.Debug|Win32.ActiveCfg = Debug|Win32
		{1C050E44-1FB6-3090-997F-BB373D1E7651}.Debug|Win32.Build.0 = Debug|Win32
		{1C050E44-1FB6-3090-997F-BB373D1E7651}.Debug|x64.ActiveCfg = Debug|Win32
		{1C050E44-1FB6-3090-997F-BB373D1E7651}.Debug|x64.Build.0 = Debug|Win32
		{1C050E44-1FB6-3090-997F-BB373D1E7651}.MinSizeRel|Win32.ActiveCfg = MinSizeRel|Win32
		{1C050E44-1FB6-3090-997F-BB373D1E7651}.MinSizeRel|Win32.Build.0 = MinSizeRel|Win32
		{1C050E44-1FB6-3090-997F-BB373D1E7651}.MinSizeRel|x64.ActiveCfg = MinSizeRel|Win32
		{1C050E44-1FB6-3090-997F-BB373D1E7651}.MinSizeRel|x64.Build.0 = MinSizeRel|Win32
		{1C050E44-1FB6-3090-997F-BB373D1E7651}.Release|Win32.ActiveCfg = Release|Win32
		{1C050E44-1FB6-3090-997F-BB373D1E7651}.Release|Win32.Build.0 = Release|Win32
		{1C050E44-1FB6-3090-997F-BB373D1E7651}.Release|x64.ActiveCfg = Release|Win32
		{1C050E44-1FB6-3090-997F-BB373D1E7651}.Release|x64.Build.0 = Release|Win32
		{1C050E44-1FB6-3090-997F-BB373D1E7651}.RelWithDebInfo|Win32.ActiveCfg = RelWithDebInfo|Win32
		{1C050E44-1FB6-3090-997F-BB373D1E7651}.RelWithDebInfo|Win32.Build.0 = RelWithDebInfo|Win32
		{1C050E44-1FB6-3090-997F-BB373D1E7651}.RelWithDebInfo|x64.ActiveCfg = RelWithDebInfo|Win32
		{1C050E44-1FB6-3090-997F-BB373D1E7651}.RelWithDebInfo|x64.Build.0 = RelWithDebInfo|Win32
		{B0B9EF50-8077-32EA-90CB-347466DE8855}.Debug|Win32.ActiveCfg = Debug|Win32
		{B0B9EF50-8077-32EA-90CB-347466DE8855}.Debug|Win32.Build.0 = Debug|Win32
		{B0B9EF50-8077-32EA-90CB-347466DE8855}.Debug|x64.ActiveCfg = Debug|Win32
		{B0B9EF50-8077-32EA-90CB-347466DE8855}.Debug|x64.Build.0 = Debug|Win32
		{B0B9EF50-8077-32EA-90CB-347466DE8855}.MinSizeRel|Win32.ActiveCfg = MinSizeRel|Win32
		{B0B9EF50-8077-32EA-90CB-347466DE8855}.MinSizeRel|Win32.Build.0 = MinSizeRel|Win32
		{B0B9EF50-8077-32EA-90CB-347466DE8855}.MinSizeRel|x64.ActiveCfg = MinSizeRel|Win32
		{B0B9EF50-8077-32EA-90CB-347466DE8855}.MinSizeRel|x64.Build.0 = MinSizeRel|Win32
		{B0B9EF50-8077-32EA-90CB-347466DE8855}.Release|Win32.ActiveCfg = Release|Win32
		{B0B9EF50-8077-32EA-90CB-347466DE8855}.Release|Win32.Build.0 = Release|Win32
		{B0B9EF50-8077-32EA-90CB-347466DE8855}.Release|x64.ActiveCfg = Release|Win32
		{B0B9EF50-8077-32EA-90CB-347466DE8855}.Release|x64.Build.0 = Release|Win32
		{B0B9EF50-8077-32EA-90CB-347466DE8855}.RelWithDebInfo|Win32.ActiveCfg = RelWithDebInfo|Win32
		{B0B9EF50-8077-32EA-90CB-347466DE8855}.RelWithDebInfo|Win32.Build.0 = RelWithDebInfo|Win32
		{B0B9EF50-8077-32EA-90CB-347466DE8855}.RelWithDebInfo|x64.ActiveCfg = RelWithDebInfo|Win32
		{B0B9EF50-8077-32EA-90CB-347466DE8855}.RelWithDebInfo|x64.Build.0 = RelWithDebInfo|Win32
		{70041128-FB5A-4607-84E7-66072767212B}.Debug|Win32.ActiveCfg = Debug|Win32
		{70041128-FB5A-4607-84E7-66072767212B}.Debug|Win32.Build.0 = Debug|Win32
		{70041128-FB5A-4607-84E7-66072767212B}.Debug|x64.ActiveCfg = Debug|x64
		{70041128-FB5A-4607-84E7-66072767212B}.Debug|x64.Build.0 = Debug|x64
		{70041128-FB5A-4607-84E7-66072767212B}.MinSizeRel|Win32.ActiveCfg = Debug|Win32
		{70041128-FB5A-4607-84E7-66072767212B}.MinSizeRel|Win32.Build.0 = Debug|Win32
		{70041128-FB5A-4607-84E7-66072767212B}.MinSizeRel|x64.ActiveCfg = Debug|x64
		{70041128-FB5A-4607-84E7-66072767212B}.MinSizeRel|x64.Build.0 = Debug|x64
		{70041128-FB5A-4607-84E7-66072767212B}.Release|Win32.ActiveCfg = Release|Win32
		{70041128-FB5A-4607-84E7-66072767212B}.Release|Win32.Build.0 = Release|Win32
		{70041128-FB5A-4607-84E7-66072767212B}.Release|x64.ActiveCfg = Release|x64
		{70041128-FB5A-4607-84E7-66072767212B}.Release|x64.Build.0 = Release|x64
		{70041128-FB5A-4607-84E7-66072767212B}.RelWithDebInfo|Win32.ActiveCfg = Release|Win32
		{70041128-FB5A-4607-84E7-66072767212B}.RelWithDebInfo|Win32.Build.0 = Release|Win32
		{70041128-FB5A-4607-84E7-66072767212B}.RelWithDebInfo|x64.ActiveCfg = Release|x64
		{70041128-FB5A-4607-84E7-66072767212B}.RelWithDebInfo|x64.Build.0 = Release|x64
	EndGlobalSection
	GlobalSection(SolutionProperties) = preSolution
		HideSolutionNode = FALSE
	EndGlobalSection
	GlobalSection(ExtensibilityGlobals) = postSolution
		SolutionGuid = {8FA0E6A1-FEBD-372B-AE4C-5B54EB2A38A6}
	EndGlobalSection
EndGlobal
